dependencies:
- name: mongodb
  repository: https://charts.bitnami.com/bitnami
  version: 11.1.7
- name: postgresql
  repository: https://charts.bitnami.com/bitnami
  version: 11.9.8
digest: sha256:6d0f28fd9da3fc953bd47277ba4d68809443ed3950ec879898d7fccd793cf8fa
generated: "2022-10-12T21:53:43.481243967-04:00"
